
Microsoft Visual Studio Solution File, Format Version 12.00
# Visual Studio Version 17
VisualStudioVersion = 17.14.36518.9 d17.14
MinimumVisualStudioVersion = 10.0.40219.1
Project("{FAE04EC0-301F-11D3-BF4B-00C04F79EFBC}") = "Matematiksel-işler", "Matematiksel-işler\Matematiksel-işler.csproj", "{8BFEA5D4-9D78-4042-B80E-E341851C0FAC}"
EndProject
Global
	GlobalSection(SolutionConfigurationPlatforms) = preSolution
		Debug|Any CPU = Debug|Any CPU
		Release|Any CPU = Release|Any CPU
	EndGlobalSection
	GlobalSection(ProjectConfigurationPlatforms) = postSolution
		{8BFEA5D4-9D78-4042-B80E-E341851C0FAC}.Debug|Any CPU.ActiveCfg = Debug|Any CPU
		{8BFEA5D4-9D78-4042-B80E-E341851C0FAC}.Debug|Any CPU.Build.0 = Debug|Any CPU
		{8BFEA5D4-9D78-4042-B80E-E341851C0FAC}.Release|Any CPU.ActiveCfg = Release|Any CPU
		{8BFEA5D4-9D78-4042-B80E-E341851C0FAC}.Release|Any CPU.Build.0 = Release|Any CPU
	EndGlobalSection
	GlobalSection(SolutionProperties) = preSolution
		HideSolutionNode = FALSE
	EndGlobalSection
	GlobalSection(ExtensibilityGlobals) = postSolution
		SolutionGuid = {3EA1A709-ECDC-4993-B4F4-4F789A049097}
	EndGlobalSection
EndGlobal
